
Microsoft Visual Studio Solution File, Format Version 12.00
# Visual Studio 15
VisualStudioVersion = 15.0.28010.2050
MinimumVisualStudioVersion = 10.0.40219.1
Project("{9A19103F-16F7-4668-BE54-9A1E7A4F7556}") = "TODO Application", "TODO Application\TODO Application.csproj", "{6AE1A630-70A8-4CCC-97DE-0C45353BFEAC}"
EndProject
Project("{9A19103F-16F7-4668-BE54-9A1E7A4F7556}") = "IPrintable", "..\..\KianZhou8005\Week 3\Day 1\IPrintable\IPrintable\IPrintable.csproj", "{1BFC2D9E-5DE2-49A5-A4A4-623CE3173809}"
EndProject
Global
	GlobalSection(SolutionConfigurationPlatforms) = preSolution
		Debug|Any CPU = Debug|Any CPU
		Release|Any CPU = Release|Any CPU
	EndGlobalSection
	GlobalSection(ProjectConfigurationPlatforms) = postSolution
		{6AE1A630-70A8-4CCC-97DE-0C45353BFEAC}.Debug|Any CPU.ActiveCfg = Debug|Any CPU
		{6AE1A630-70A8-4CCC-97DE-0C45353BFEAC}.Debug|Any CPU.Build.0 = Debug|Any CPU
		{6AE1A630-70A8-4CCC-97DE-0C45353BFEAC}.Release|Any CPU.ActiveCfg = Release|Any CPU
		{6AE1A630-70A8-4CCC-97DE-0C45353BFEAC}.Release|Any CPU.Build.0 = Release|Any CPU
		{1BFC2D9E-5DE2-49A5-A4A4-623CE3173809}.Debug|Any CPU.ActiveCfg = Debug|Any CPU
		{1BFC2D9E-5DE2-49A5-A4A4-623CE3173809}.Debug|Any CPU.Build.0 = Debug|Any CPU
		{1BFC2D9E-5DE2-49A5-A4A4-623CE3173809}.Release|Any CPU.ActiveCfg = Release|Any CPU
		{1BFC2D9E-5DE2-49A5-A4A4-623CE3173809}.Release|Any CPU.Build.0 = Release|Any CPU
	EndGlobalSection
	GlobalSection(SolutionProperties) = preSolution
		HideSolutionNode = FALSE
	EndGlobalSection
	GlobalSection(ExtensibilityGlobals) = postSolution
		SolutionGuid = {C33EED2A-8448-4F2F-8382-ECA48A0D32C9}
	EndGlobalSection
EndGlobal
